
Microsoft Visual Studio Solution File, Format Version 12.00
Project("{FAE04EC0-301F-11D3-BF4B-00C04F79EFBC}") = "SteamTools.UI", "SteamTools.UI\SteamTools.UI.csproj", "{B80B9BF2-1239-47CC-B8CE-7BCCE6205F30}"
EndProject
Project("{FAE04EC0-301F-11D3-BF4B-00C04F79EFBC}") = "SteamTools.SignatureSearcher", "SteamTools.SignatureSearcher\SteamTools.SignatureSearcher.csproj", "{7758F2E3-16CF-4869-BA9D-D23683B4074E}"
EndProject
Project("{FAE04EC0-301F-11D3-BF4B-00C04F79EFBC}") = "SteamTools.ProfileScanner", "SteamTools.ProfileScanner\SteamTools.ProfileScanner.csproj", "{797B8D6A-1D29-4ACB-877A-18953D1FD55E}"
EndProject
Project("{FAE04EC0-301F-11D3-BF4B-00C04F79EFBC}") = "SteamTools.ProfileFetcher", "SteamTools.ProfileFetcher\SteamTools.ProfileFetcher.csproj", "{A8071E71-68F2-4A35-AB30-9CDA413A30A0}"
EndProject
Project("{2150E333-8FDC-42A3-9474-1A3956D46DE8}") = "SProject", "SProject", "{8A095987-C16D-433D-A22A-446B083E80D7}"
EndProject
Project("{FAE04EC0-301F-11D3-BF4B-00C04F79EFBC}") = "SProject.Vdf.Abstractions", "SProject\SProject.Vdf.Abstractions\SProject.Vdf.Abstractions.csproj", "{46092D85-CB1E-490E-9AC4-2BE4056FDDF6}"
EndProject
Project("{FAE04EC0-301F-11D3-BF4B-00C04F79EFBC}") = "SProject.VDF", "SProject\SProject.VDF\SProject.VDF.csproj", "{A38A13CF-2297-442C-84A0-86313F598BAB}"
EndProject
Project("{FAE04EC0-301F-11D3-BF4B-00C04F79EFBC}") = "SProject.Steam.Abstractions", "SProject\SProject.Steam.Abstractions\SProject.Steam.Abstractions.csproj", "{0AE55E80-8AFD-4DF7-BA06-B1A2962E8009}"
EndProject
Project("{FAE04EC0-301F-11D3-BF4B-00C04F79EFBC}") = "SProject.Steam", "SProject\SProject.Steam\SProject.Steam.csproj", "{7B358BAC-0E3B-4F71-BE25-186BF80BF943}"
EndProject
Project("{FAE04EC0-301F-11D3-BF4B-00C04F79EFBC}") = "SProject.Math", "SProject\SProject.Math\SProject.Math.csproj", "{4D9D7887-02C5-4519-8A8B-51CE5C4FD8A6}"
EndProject
Project("{FAE04EC0-301F-11D3-BF4B-00C04F79EFBC}") = "SProject.FileSystem", "SProject\SProject.FileSystem\SProject.FileSystem.csproj", "{AC18C2DA-040E-4D02-BAAE-90F61ECB4C15}"
EndProject
Project("{FAE04EC0-301F-11D3-BF4B-00C04F79EFBC}") = "SteamTools.Common", "src\SteamTools.Common\SteamTools.Common.csproj", "{C64C62DD-7D2E-4591-9C97-47F85142B0BA}"
EndProject
Global
	GlobalSection(SolutionConfigurationPlatforms) = preSolution
		Debug|Any CPU = Debug|Any CPU
		Release|Any CPU = Release|Any CPU
	EndGlobalSection
	GlobalSection(ProjectConfigurationPlatforms) = postSolution
		{B80B9BF2-1239-47CC-B8CE-7BCCE6205F30}.Debug|Any CPU.ActiveCfg = Debug|Any CPU
		{B80B9BF2-1239-47CC-B8CE-7BCCE6205F30}.Debug|Any CPU.Build.0 = Debug|Any CPU
		{B80B9BF2-1239-47CC-B8CE-7BCCE6205F30}.Release|Any CPU.ActiveCfg = Release|Any CPU
		{B80B9BF2-1239-47CC-B8CE-7BCCE6205F30}.Release|Any CPU.Build.0 = Release|Any CPU
		{7758F2E3-16CF-4869-BA9D-D23683B4074E}.Debug|Any CPU.ActiveCfg = Debug|Any CPU
		{7758F2E3-16CF-4869-BA9D-D23683B4074E}.Debug|Any CPU.Build.0 = Debug|Any CPU
		{7758F2E3-16CF-4869-BA9D-D23683B4074E}.Release|Any CPU.ActiveCfg = Release|Any CPU
		{7758F2E3-16CF-4869-BA9D-D23683B4074E}.Release|Any CPU.Build.0 = Release|Any CPU
		{797B8D6A-1D29-4ACB-877A-18953D1FD55E}.Debug|Any CPU.ActiveCfg = Debug|Any CPU
		{797B8D6A-1D29-4ACB-877A-18953D1FD55E}.Debug|Any CPU.Build.0 = Debug|Any CPU
		{797B8D6A-1D29-4ACB-877A-18953D1FD55E}.Release|Any CPU.ActiveCfg = Release|Any CPU
		{797B8D6A-1D29-4ACB-877A-18953D1FD55E}.Release|Any CPU.Build.0 = Release|Any CPU
		{A8071E71-68F2-4A35-AB30-9CDA413A30A0}.Debug|Any CPU.ActiveCfg = Debug|Any CPU
		{A8071E71-68F2-4A35-AB30-9CDA413A30A0}.Debug|Any CPU.Build.0 = Debug|Any CPU
		{A8071E71-68F2-4A35-AB30-9CDA413A30A0}.Release|Any CPU.ActiveCfg = Release|Any CPU
		{A8071E71-68F2-4A35-AB30-9CDA413A30A0}.Release|Any CPU.Build.0 = Release|Any CPU
		{46092D85-CB1E-490E-9AC4-2BE4056FDDF6}.Debug|Any CPU.ActiveCfg = Debug|Any CPU
		{46092D85-CB1E-490E-9AC4-2BE4056FDDF6}.Debug|Any CPU.Build.0 = Debug|Any CPU
		{46092D85-CB1E-490E-9AC4-2BE4056FDDF6}.Release|Any CPU.ActiveCfg = Release|Any CPU
		{46092D85-CB1E-490E-9AC4-2BE4056FDDF6}.Release|Any CPU.Build.0 = Release|Any CPU
		{A38A13CF-2297-442C-84A0-86313F598BAB}.Debug|Any CPU.ActiveCfg = Debug|Any CPU
		{A38A13CF-2297-442C-84A0-86313F598BAB}.Debug|Any CPU.Build.0 = Debug|Any CPU
		{A38A13CF-2297-442C-84A0-86313F598BAB}.Release|Any CPU.ActiveCfg = Release|Any CPU
		{A38A13CF-2297-442C-84A0-86313F598BAB}.Release|Any CPU.Build.0 = Release|Any CPU
		{0AE55E80-8AFD-4DF7-BA06-B1A2962E8009}.Debug|Any CPU.ActiveCfg = Debug|Any CPU
		{0AE55E80-8AFD-4DF7-BA06-B1A2962E8009}.Debug|Any CPU.Build.0 = Debug|Any CPU
		{0AE55E80-8AFD-4DF7-BA06-B1A2962E8009}.Release|Any CPU.ActiveCfg = Release|Any CPU
		{0AE55E80-8AFD-4DF7-BA06-B1A2962E8009}.Release|Any CPU.Build.0 = Release|Any CPU
		{7B358BAC-0E3B-4F71-BE25-186BF80BF943}.Debug|Any CPU.ActiveCfg = Debug|Any CPU
		{7B358BAC-0E3B-4F71-BE25-186BF80BF943}.Debug|Any CPU.Build.0 = Debug|Any CPU
		{7B358BAC-0E3B-4F71-BE25-186BF80BF943}.Release|Any CPU.ActiveCfg = Release|Any CPU
		{7B358BAC-0E3B-4F71-BE25-186BF80BF943}.Release|Any CPU.Build.0 = Release|Any CPU
		{4D9D7887-02C5-4519-8A8B-51CE5C4FD8A6}.Debug|Any CPU.ActiveCfg = Debug|Any CPU
		{4D9D7887-02C5-4519-8A8B-51CE5C4FD8A6}.Debug|Any CPU.Build.0 = Debug|Any CPU
		{4D9D7887-02C5-4519-8A8B-51CE5C4FD8A6}.Release|Any CPU.ActiveCfg = Release|Any CPU
		{4D9D7887-02C5-4519-8A8B-51CE5C4FD8A6}.Release|Any CPU.Build.0 = Release|Any CPU
		{AC18C2DA-040E-4D02-BAAE-90F61ECB4C15}.Debug|Any CPU.ActiveCfg = Debug|Any CPU
		{AC18C2DA-040E-4D02-BAAE-90F61ECB4C15}.Debug|Any CPU.Build.0 = Debug|Any CPU
		{AC18C2DA-040E-4D02-BAAE-90F61ECB4C15}.Release|Any CPU.ActiveCfg = Release|Any CPU
		{AC18C2DA-040E-4D02-BAAE-90F61ECB4C15}.Release|Any CPU.Build.0 = Release|Any CPU
		{C64C62DD-7D2E-4591-9C97-47F85142B0BA}.Debug|Any CPU.ActiveCfg = Debug|Any CPU
		{C64C62DD-7D2E-4591-9C97-47F85142B0BA}.Debug|Any CPU.Build.0 = Debug|Any CPU
		{C64C62DD-7D2E-4591-9C97-47F85142B0BA}.Release|Any CPU.ActiveCfg = Release|Any CPU
		{C64C62DD-7D2E-4591-9C97-47F85142B0BA}.Release|Any CPU.Build.0 = Release|Any CPU
	EndGlobalSection
	GlobalSection(NestedProjects) = preSolution
		{46092D85-CB1E-490E-9AC4-2BE4056FDDF6} = {8A095987-C16D-433D-A22A-446B083E80D7}
		{A38A13CF-2297-442C-84A0-86313F598BAB} = {8A095987-C16D-433D-A22A-446B083E80D7}
		{0AE55E80-8AFD-4DF7-BA06-B1A2962E8009} = {8A095987-C16D-433D-A22A-446B083E80D7}
		{7B358BAC-0E3B-4F71-BE25-186BF80BF943} = {8A095987-C16D-433D-A22A-446B083E80D7}
		{4D9D7887-02C5-4519-8A8B-51CE5C4FD8A6} = {8A095987-C16D-433D-A22A-446B083E80D7}
		{AC18C2DA-040E-4D02-BAAE-90F61ECB4C15} = {8A095987-C16D-433D-A22A-446B083E80D7}
	EndGlobalSection
EndGlobal
