
Microsoft Visual Studio Solution File, Format Version 12.00
Project("{FAE04EC0-301F-11D3-BF4B-00C04F79EFBC}") = "SteamTools.UI", "SteamTools.UI\SteamTools.UI.csproj", "{B80B9BF2-1239-47CC-B8CE-7BCCE6205F30}"
EndProject
Project("{FAE04EC0-301F-11D3-BF4B-00C04F79EFBC}") = "SteamTools.ProfileDataFetcher", "SteamTools.ProfileDataFetcher\SteamTools.ProfileDataFetcher.csproj", "{0288583F-D1AC-4DD3-B5DC-4FE512CD2991}"
EndProject
Project("{FAE04EC0-301F-11D3-BF4B-00C04F79EFBC}") = "SteamTools.IDScanner", "SteamTools.IDScanner\SteamTools.IDScanner.csproj", "{20610CC0-C70F-4EF0-94A8-634AD8CB760F}"
EndProject
Project("{FAE04EC0-301F-11D3-BF4B-00C04F79EFBC}") = "SteamTools.LocalProfileScanner", "SteamTools.LocalProfileScanner\SteamTools.LocalProfileScanner.csproj", "{40FDF008-AD12-43D6-8BFA-E10D9E1FC4C0}"
EndProject
Project("{FAE04EC0-301F-11D3-BF4B-00C04F79EFBC}") = "SteamTools.Core", "SteamTools.Core\SteamTools.Core.csproj", "{5A30BB38-4D56-49F8-9134-176400779F97}"
EndProject
Global
	GlobalSection(SolutionConfigurationPlatforms) = preSolution
		Debug|Any CPU = Debug|Any CPU
		Release|Any CPU = Release|Any CPU
	EndGlobalSection
	GlobalSection(ProjectConfigurationPlatforms) = postSolution
		{B80B9BF2-1239-47CC-B8CE-7BCCE6205F30}.Debug|Any CPU.ActiveCfg = Debug|Any CPU
		{B80B9BF2-1239-47CC-B8CE-7BCCE6205F30}.Debug|Any CPU.Build.0 = Debug|Any CPU
		{B80B9BF2-1239-47CC-B8CE-7BCCE6205F30}.Release|Any CPU.ActiveCfg = Release|Any CPU
		{B80B9BF2-1239-47CC-B8CE-7BCCE6205F30}.Release|Any CPU.Build.0 = Release|Any CPU
		{0288583F-D1AC-4DD3-B5DC-4FE512CD2991}.Debug|Any CPU.ActiveCfg = Debug|Any CPU
		{0288583F-D1AC-4DD3-B5DC-4FE512CD2991}.Debug|Any CPU.Build.0 = Debug|Any CPU
		{0288583F-D1AC-4DD3-B5DC-4FE512CD2991}.Release|Any CPU.ActiveCfg = Release|Any CPU
		{0288583F-D1AC-4DD3-B5DC-4FE512CD2991}.Release|Any CPU.Build.0 = Release|Any CPU
		{20610CC0-C70F-4EF0-94A8-634AD8CB760F}.Debug|Any CPU.ActiveCfg = Debug|Any CPU
		{20610CC0-C70F-4EF0-94A8-634AD8CB760F}.Debug|Any CPU.Build.0 = Debug|Any CPU
		{20610CC0-C70F-4EF0-94A8-634AD8CB760F}.Release|Any CPU.ActiveCfg = Release|Any CPU
		{20610CC0-C70F-4EF0-94A8-634AD8CB760F}.Release|Any CPU.Build.0 = Release|Any CPU
		{40FDF008-AD12-43D6-8BFA-E10D9E1FC4C0}.Debug|Any CPU.ActiveCfg = Debug|Any CPU
		{40FDF008-AD12-43D6-8BFA-E10D9E1FC4C0}.Debug|Any CPU.Build.0 = Debug|Any CPU
		{40FDF008-AD12-43D6-8BFA-E10D9E1FC4C0}.Release|Any CPU.ActiveCfg = Release|Any CPU
		{40FDF008-AD12-43D6-8BFA-E10D9E1FC4C0}.Release|Any CPU.Build.0 = Release|Any CPU
		{5A30BB38-4D56-49F8-9134-176400779F97}.Debug|Any CPU.ActiveCfg = Debug|Any CPU
		{5A30BB38-4D56-49F8-9134-176400779F97}.Debug|Any CPU.Build.0 = Debug|Any CPU
		{5A30BB38-4D56-49F8-9134-176400779F97}.Release|Any CPU.ActiveCfg = Release|Any CPU
		{5A30BB38-4D56-49F8-9134-176400779F97}.Release|Any CPU.Build.0 = Release|Any CPU
	EndGlobalSection
EndGlobal
