
Microsoft Visual Studio Solution File, Format Version 12.00

Project("{2150E333-8FDC-42A3-9474-1A3956D46DE8}") = "src", "src", "{B60A2974-59DD-457F-95B0-1FFF1C682D0A}"
EndProject
Project("{2150E333-8FDC-42A3-9474-1A3956D46DE8}") = "SProject", "SProject", "{C489898A-86E1-4B3C-813C-32E2A93F58D1}"
EndProject
Project("{FAE04EC0-301F-11D3-BF4B-00C04F79EFBC}") = "SProject.FileSystem", "SProject\src\SProject.FileSystem\SProject.FileSystem.csproj", "{84A860EC-A353-40B9-B4CF-34DFC24626FF}"
EndProject
Project("{FAE04EC0-301F-11D3-BF4B-00C04F79EFBC}") = "SProject.Math", "SProject\src\SProject.Math\SProject.Math.csproj", "{6F528D27-E843-4FCA-B539-80C1059F29BD}"
EndProject
Project("{FAE04EC0-301F-11D3-BF4B-00C04F79EFBC}") = "SProject.Steam", "SProject\src\SProject.Steam\SProject.Steam.csproj", "{95DD3408-878B-4E95-BF86-B13E9416F593}"
EndProject
Project("{FAE04EC0-301F-11D3-BF4B-00C04F79EFBC}") = "SProject.VDF", "SProject\src\SProject.VDF\SProject.VDF.csproj", "{26F33742-C5CF-4210-B700-9FA9E1A6BB95}"
EndProject
Project("{FAE04EC0-301F-11D3-BF4B-00C04F79EFBC}") = "SProject.Windows", "SProject\src\SProject.Windows\SProject.Windows.csproj", "{35A6A5E6-8ACB-465F-A899-0BD49E209D21}"
EndProject
Project("{FAE04EC0-301F-11D3-BF4B-00C04F79EFBC}") = "SteamTools.Application", "src\SteamTools.Application\SteamTools.Application.csproj", "{D3789A74-4739-41B1-B57C-4A6BC7E881FD}"
EndProject
Project("{FAE04EC0-301F-11D3-BF4B-00C04F79EFBC}") = "SteamTools.Common", "src\SteamTools.Common\SteamTools.Common.csproj", "{D9A5579A-E513-414A-BE17-2A5772A9B5F5}"
EndProject
Project("{FAE04EC0-301F-11D3-BF4B-00C04F79EFBC}") = "SteamTools.ProfileFetcher", "src\SteamTools.ProfileFetcher\SteamTools.ProfileFetcher.csproj", "{195A013D-13FF-4531-84D1-83FB4481D6DB}"
EndProject
Project("{FAE04EC0-301F-11D3-BF4B-00C04F79EFBC}") = "SteamTools.ProfileScanner", "src\SteamTools.ProfileScanner\SteamTools.ProfileScanner.csproj", "{3EF4BF4B-7009-440E-B44B-7A83900477BC}"
EndProject
Project("{FAE04EC0-301F-11D3-BF4B-00C04F79EFBC}") = "SteamTools.SignatureSearcher", "src\SteamTools.SignatureSearcher\SteamTools.SignatureSearcher.csproj", "{8D9C2B6E-94EC-4022-95BD-34041E8BC43C}"
EndProject
Project("{FAE04EC0-301F-11D3-BF4B-00C04F79EFBC}") = "SProject.DependencyInjection", "SProject\src\SProject.DependencyInjection\SProject.DependencyInjection.csproj", "{014DAAEB-3264-4AD4-AD1F-739F0F76A745}"
EndProject
Project("{FAE04EC0-301F-11D3-BF4B-00C04F79EFBC}") = "SProject.CQRS", "SProject\src\SProject.CQRS\SProject.CQRS.csproj", "{AD056C57-BE11-4D5D-9AA7-BC4B46D5FF22}"
EndProject
Global
	GlobalSection(SolutionConfigurationPlatforms) = preSolution
		Debug|Any CPU = Debug|Any CPU
		Release|Any CPU = Release|Any CPU
	EndGlobalSection
	GlobalSection(NestedProjects) = preSolution
		{84A860EC-A353-40B9-B4CF-34DFC24626FF} = {C489898A-86E1-4B3C-813C-32E2A93F58D1}
		{6F528D27-E843-4FCA-B539-80C1059F29BD} = {C489898A-86E1-4B3C-813C-32E2A93F58D1}
		{95DD3408-878B-4E95-BF86-B13E9416F593} = {C489898A-86E1-4B3C-813C-32E2A93F58D1}
		{26F33742-C5CF-4210-B700-9FA9E1A6BB95} = {C489898A-86E1-4B3C-813C-32E2A93F58D1}
		{35A6A5E6-8ACB-465F-A899-0BD49E209D21} = {C489898A-86E1-4B3C-813C-32E2A93F58D1}
		{D3789A74-4739-41B1-B57C-4A6BC7E881FD} = {B60A2974-59DD-457F-95B0-1FFF1C682D0A}
		{D9A5579A-E513-414A-BE17-2A5772A9B5F5} = {B60A2974-59DD-457F-95B0-1FFF1C682D0A}
		{195A013D-13FF-4531-84D1-83FB4481D6DB} = {B60A2974-59DD-457F-95B0-1FFF1C682D0A}
		{3EF4BF4B-7009-440E-B44B-7A83900477BC} = {B60A2974-59DD-457F-95B0-1FFF1C682D0A}
		{8D9C2B6E-94EC-4022-95BD-34041E8BC43C} = {B60A2974-59DD-457F-95B0-1FFF1C682D0A}
		{014DAAEB-3264-4AD4-AD1F-739F0F76A745} = {C489898A-86E1-4B3C-813C-32E2A93F58D1}
		{AD056C57-BE11-4D5D-9AA7-BC4B46D5FF22} = {C489898A-86E1-4B3C-813C-32E2A93F58D1}
	EndGlobalSection
	GlobalSection(ProjectConfigurationPlatforms) = postSolution
		{84A860EC-A353-40B9-B4CF-34DFC24626FF}.Debug|Any CPU.ActiveCfg = Debug|Any CPU
		{84A860EC-A353-40B9-B4CF-34DFC24626FF}.Debug|Any CPU.Build.0 = Debug|Any CPU
		{84A860EC-A353-40B9-B4CF-34DFC24626FF}.Release|Any CPU.ActiveCfg = Release|Any CPU
		{84A860EC-A353-40B9-B4CF-34DFC24626FF}.Release|Any CPU.Build.0 = Release|Any CPU
		{6F528D27-E843-4FCA-B539-80C1059F29BD}.Debug|Any CPU.ActiveCfg = Debug|Any CPU
		{6F528D27-E843-4FCA-B539-80C1059F29BD}.Debug|Any CPU.Build.0 = Debug|Any CPU
		{6F528D27-E843-4FCA-B539-80C1059F29BD}.Release|Any CPU.ActiveCfg = Release|Any CPU
		{6F528D27-E843-4FCA-B539-80C1059F29BD}.Release|Any CPU.Build.0 = Release|Any CPU
		{95DD3408-878B-4E95-BF86-B13E9416F593}.Debug|Any CPU.ActiveCfg = Debug|Any CPU
		{95DD3408-878B-4E95-BF86-B13E9416F593}.Debug|Any CPU.Build.0 = Debug|Any CPU
		{95DD3408-878B-4E95-BF86-B13E9416F593}.Release|Any CPU.ActiveCfg = Release|Any CPU
		{95DD3408-878B-4E95-BF86-B13E9416F593}.Release|Any CPU.Build.0 = Release|Any CPU
		{26F33742-C5CF-4210-B700-9FA9E1A6BB95}.Debug|Any CPU.ActiveCfg = Debug|Any CPU
		{26F33742-C5CF-4210-B700-9FA9E1A6BB95}.Debug|Any CPU.Build.0 = Debug|Any CPU
		{26F33742-C5CF-4210-B700-9FA9E1A6BB95}.Release|Any CPU.ActiveCfg = Release|Any CPU
		{26F33742-C5CF-4210-B700-9FA9E1A6BB95}.Release|Any CPU.Build.0 = Release|Any CPU
		{35A6A5E6-8ACB-465F-A899-0BD49E209D21}.Debug|Any CPU.ActiveCfg = Debug|Any CPU
		{35A6A5E6-8ACB-465F-A899-0BD49E209D21}.Debug|Any CPU.Build.0 = Debug|Any CPU
		{35A6A5E6-8ACB-465F-A899-0BD49E209D21}.Release|Any CPU.ActiveCfg = Release|Any CPU
		{35A6A5E6-8ACB-465F-A899-0BD49E209D21}.Release|Any CPU.Build.0 = Release|Any CPU
		{D3789A74-4739-41B1-B57C-4A6BC7E881FD}.Debug|Any CPU.ActiveCfg = Debug|Any CPU
		{D3789A74-4739-41B1-B57C-4A6BC7E881FD}.Debug|Any CPU.Build.0 = Debug|Any CPU
		{D3789A74-4739-41B1-B57C-4A6BC7E881FD}.Release|Any CPU.ActiveCfg = Release|Any CPU
		{D3789A74-4739-41B1-B57C-4A6BC7E881FD}.Release|Any CPU.Build.0 = Release|Any CPU
		{D9A5579A-E513-414A-BE17-2A5772A9B5F5}.Debug|Any CPU.ActiveCfg = Debug|Any CPU
		{D9A5579A-E513-414A-BE17-2A5772A9B5F5}.Debug|Any CPU.Build.0 = Debug|Any CPU
		{D9A5579A-E513-414A-BE17-2A5772A9B5F5}.Release|Any CPU.ActiveCfg = Release|Any CPU
		{D9A5579A-E513-414A-BE17-2A5772A9B5F5}.Release|Any CPU.Build.0 = Release|Any CPU
		{195A013D-13FF-4531-84D1-83FB4481D6DB}.Debug|Any CPU.ActiveCfg = Debug|Any CPU
		{195A013D-13FF-4531-84D1-83FB4481D6DB}.Debug|Any CPU.Build.0 = Debug|Any CPU
		{195A013D-13FF-4531-84D1-83FB4481D6DB}.Release|Any CPU.ActiveCfg = Release|Any CPU
		{195A013D-13FF-4531-84D1-83FB4481D6DB}.Release|Any CPU.Build.0 = Release|Any CPU
		{3EF4BF4B-7009-440E-B44B-7A83900477BC}.Debug|Any CPU.ActiveCfg = Debug|Any CPU
		{3EF4BF4B-7009-440E-B44B-7A83900477BC}.Debug|Any CPU.Build.0 = Debug|Any CPU
		{3EF4BF4B-7009-440E-B44B-7A83900477BC}.Release|Any CPU.ActiveCfg = Release|Any CPU
		{3EF4BF4B-7009-440E-B44B-7A83900477BC}.Release|Any CPU.Build.0 = Release|Any CPU
		{8D9C2B6E-94EC-4022-95BD-34041E8BC43C}.Debug|Any CPU.ActiveCfg = Debug|Any CPU
		{8D9C2B6E-94EC-4022-95BD-34041E8BC43C}.Debug|Any CPU.Build.0 = Debug|Any CPU
		{8D9C2B6E-94EC-4022-95BD-34041E8BC43C}.Release|Any CPU.ActiveCfg = Release|Any CPU
		{8D9C2B6E-94EC-4022-95BD-34041E8BC43C}.Release|Any CPU.Build.0 = Release|Any CPU
		{014DAAEB-3264-4AD4-AD1F-739F0F76A745}.Debug|Any CPU.ActiveCfg = Debug|Any CPU
		{014DAAEB-3264-4AD4-AD1F-739F0F76A745}.Debug|Any CPU.Build.0 = Debug|Any CPU
		{014DAAEB-3264-4AD4-AD1F-739F0F76A745}.Release|Any CPU.ActiveCfg = Release|Any CPU
		{014DAAEB-3264-4AD4-AD1F-739F0F76A745}.Release|Any CPU.Build.0 = Release|Any CPU
		{AD056C57-BE11-4D5D-9AA7-BC4B46D5FF22}.Debug|Any CPU.ActiveCfg = Debug|Any CPU
		{AD056C57-BE11-4D5D-9AA7-BC4B46D5FF22}.Debug|Any CPU.Build.0 = Debug|Any CPU
		{AD056C57-BE11-4D5D-9AA7-BC4B46D5FF22}.Release|Any CPU.ActiveCfg = Release|Any CPU
		{AD056C57-BE11-4D5D-9AA7-BC4B46D5FF22}.Release|Any CPU.Build.0 = Release|Any CPU
	EndGlobalSection
EndGlobal
